
Microsoft Visual Studio Solution File, Format Version 12.00
# Visual Studio Version 17
VisualStudioVersion = 17.12.35707.178
MinimumVisualStudioVersion = 10.0.40219.1
Project("{FAE04EC0-301F-11D3-BF4B-00C04F79EFBC}") = "01_Lab1", "Lab_1\01_Lab1.csproj", "{E7B832FF-06FA-4F13-B328-FC941A3B34E1}"
EndProject
Project("{FAE04EC0-301F-11D3-BF4B-00C04F79EFBC}") = "02_Lab2", "02_Lab2\02_Lab2.csproj", "{00B862AF-2CD4-4AF3-BD5F-C9D3230B6C16}"
EndProject
Project("{FAE04EC0-301F-11D3-BF4B-00C04F79EFBC}") = "03_Lab3", "03_Lab3\03_Lab3.csproj", "{0480A743-C0B2-49CA-A6C5-B49A1D9EA16C}"
EndProject
Project("{FAE04EC0-301F-11D3-BF4B-00C04F79EFBC}") = "04_Lab4", "04_Lab4\04_Lab4.csproj", "{1C7A15C4-ACEF-4ACD-B33A-04A1E11E1C17}"
EndProject
Project("{FAE04EC0-301F-11D3-BF4B-00C04F79EFBC}") = "05_Lab5", "05_Lab5\05_Lab5.csproj", "{55385091-5C03-429D-ADF7-3C2F85F6E612}"
EndProject
Project("{FAE04EC0-301F-11D3-BF4B-00C04F79EFBC}") = "06_Lab6", "06_Lab6\06_Lab6.csproj", "{1E64407D-F972-4DEC-B74B-777054257F8D}"
EndProject
Global
	GlobalSection(SolutionConfigurationPlatforms) = preSolution
		Debug|Any CPU = Debug|Any CPU
		Release|Any CPU = Release|Any CPU
	EndGlobalSection
	GlobalSection(ProjectConfigurationPlatforms) = postSolution
		{E7B832FF-06FA-4F13-B328-FC941A3B34E1}.Debug|Any CPU.ActiveCfg = Debug|Any CPU
		{E7B832FF-06FA-4F13-B328-FC941A3B34E1}.Debug|Any CPU.Build.0 = Debug|Any CPU
		{E7B832FF-06FA-4F13-B328-FC941A3B34E1}.Release|Any CPU.ActiveCfg = Release|Any CPU
		{E7B832FF-06FA-4F13-B328-FC941A3B34E1}.Release|Any CPU.Build.0 = Release|Any CPU
		{00B862AF-2CD4-4AF3-BD5F-C9D3230B6C16}.Debug|Any CPU.ActiveCfg = Debug|Any CPU
		{00B862AF-2CD4-4AF3-BD5F-C9D3230B6C16}.Debug|Any CPU.Build.0 = Debug|Any CPU
		{00B862AF-2CD4-4AF3-BD5F-C9D3230B6C16}.Release|Any CPU.ActiveCfg = Release|Any CPU
		{00B862AF-2CD4-4AF3-BD5F-C9D3230B6C16}.Release|Any CPU.Build.0 = Release|Any CPU
		{0480A743-C0B2-49CA-A6C5-B49A1D9EA16C}.Debug|Any CPU.ActiveCfg = Debug|Any CPU
		{0480A743-C0B2-49CA-A6C5-B49A1D9EA16C}.Debug|Any CPU.Build.0 = Debug|Any CPU
		{0480A743-C0B2-49CA-A6C5-B49A1D9EA16C}.Release|Any CPU.ActiveCfg = Release|Any CPU
		{0480A743-C0B2-49CA-A6C5-B49A1D9EA16C}.Release|Any CPU.Build.0 = Release|Any CPU
		{1C7A15C4-ACEF-4ACD-B33A-04A1E11E1C17}.Debug|Any CPU.ActiveCfg = Debug|Any CPU
		{1C7A15C4-ACEF-4ACD-B33A-04A1E11E1C17}.Debug|Any CPU.Build.0 = Debug|Any CPU
		{1C7A15C4-ACEF-4ACD-B33A-04A1E11E1C17}.Release|Any CPU.ActiveCfg = Release|Any CPU
		{1C7A15C4-ACEF-4ACD-B33A-04A1E11E1C17}.Release|Any CPU.Build.0 = Release|Any CPU
		{55385091-5C03-429D-ADF7-3C2F85F6E612}.Debug|Any CPU.ActiveCfg = Debug|Any CPU
		{55385091-5C03-429D-ADF7-3C2F85F6E612}.Debug|Any CPU.Build.0 = Debug|Any CPU
		{55385091-5C03-429D-ADF7-3C2F85F6E612}.Release|Any CPU.ActiveCfg = Release|Any CPU
		{55385091-5C03-429D-ADF7-3C2F85F6E612}.Release|Any CPU.Build.0 = Release|Any CPU
		{1E64407D-F972-4DEC-B74B-777054257F8D}.Debug|Any CPU.ActiveCfg = Debug|Any CPU
		{1E64407D-F972-4DEC-B74B-777054257F8D}.Debug|Any CPU.Build.0 = Debug|Any CPU
		{1E64407D-F972-4DEC-B74B-777054257F8D}.Release|Any CPU.ActiveCfg = Release|Any CPU
		{1E64407D-F972-4DEC-B74B-777054257F8D}.Release|Any CPU.Build.0 = Release|Any CPU
	EndGlobalSection
	GlobalSection(SolutionProperties) = preSolution
		HideSolutionNode = FALSE
	EndGlobalSection
EndGlobal
